# THIS IS AN AUTOGENERATED FILE. DO NOT EDIT THIS FILE DIRECTLY.
# yarn lockfile v1


"@types/node@^8.10.48":
  version "8.10.66"
  resolved "https://registry.npmmirror.com/@types/node/download/@types/node-8.10.66.tgz#dd035d409df322acc83dff62a602f12a5783bbb3"
  integrity sha1-3QNdQJ3zIqzIPf9ipgLxKleDu7M=

axios@^0.21.1:
  version "0.21.4"
  resolved "https://registry.npmmirror.com/axios/download/axios-0.21.4.tgz#c67b90dc0568e5c1cf2b0b858c43ba28e2eda575"
  integrity sha1-xnuQ3AVo5cHPKwuFjEO6KOLtpXU=
  dependencies:
    follow-redirects "^1.14.0"

follow-redirects@^1.14.0:
  version "1.14.6"
  resolved "https://registry.npmmirror.com/follow-redirects/download/follow-redirects-1.14.6.tgz#8cfb281bbc035b3c067d6cd975b0f6ade6e855cd"
  integrity sha512-fhUl5EwSJbbl8AR+uYL2KQDxLkdSjZGR36xy46AO7cOMTrCMON6Sa28FmAnC2tRTDbd/Uuzz3aJBv7EBN7JH8A==

gate-api@^5.23.0:
  version "5.23.0"
  resolved "https://registry.npmmirror.com/gate-api/download/gate-api-5.23.0.tgz#009ad9091c937b673228bed3b60e2703af4ccb3f"
  integrity sha512-KeQMlbJfs1OcYyYQXwUiRXuVWsgANMvyAvV81WL0I4MWZGvCeusbGqj8ixaANbXWCVh24pMJxp6srTagvuUuJg==
  dependencies:
    "@types/node" "^8.10.48"
    axios "^0.21.1"
